<?xml version="1.0" encoding="utf-8"?>
<Project ToolsVersion="4.0" xmlns="http://schemas.microsoft.com/developer/msbuild/2003">
  <ItemGroup>
    <Filter Include="Source Files">
      <UniqueIdentifier>{4FC737F1-C7A5-4376-A066-2A32D752A2FF}</UniqueIdentifier>
      <Extensions>cpp;c;cc;cxx;def;odl;idl;hpj;bat;asm;asmx</Extensions>
    </Filter>
    <Filter Include="Header Files">
      <UniqueIdentifier>{93995380-89BD-4b04-88EB-625FBE52EBFB}</UniqueIdentifier>
      <Extensions>h;hh;hpp;hxx;hm;inl;inc;ipp;xsd</Extensions>
    </Filter>
    <Filter Include="Resource Files">
      <UniqueIdentifier>{67DA6AB6-F800-4c08-8B7A-83BB121AAD01}</UniqueIdentifier>
      <Extensions>rc;ico;cur;bmp;dlg;rc2;rct;bin;rgs;gif;jpg;jpeg;jpe;resx;tiff;tif;png;wav;mfcribbon-ms</Extensions>
    </Filter>
    <Filter Include="Header Files\cpp">
      <UniqueIdentifier>{1ad805b6-2baf-4661-bdca-b323a0020591}</UniqueIdentifier>
    </Filter>
    <Filter Include="Source Files\cpp">
      <UniqueIdentifier>{b41af85b-3c56-4882-b9a2-ac5fc95762c5}</UniqueIdentifier>
    </Filter>
  </ItemGroup>
  <ItemGroup>
    <ClCompile Include="AssemblyInfo.cpp">
      <Filter>Source Files</Filter>
    </ClCompile>
    <ClCompile Include="logic\IsaDrv.cpp">
      <Filter>Source Files\logic</Filter>
    </ClCompile>
    <ClCompile Include="logic\pch.cpp">
      <Filter>Source Files\logic</Filter>
    </ClCompile>
    <ClCompile Include="logic\Sio.cpp">
      <Filter>Source Files\logic</Filter>
    </ClCompile>
    <ClCompile Include="logic\wmi_helper.cpp">
      <Filter>Source Files\logic</Filter>
    </ClCompile>
    <ClCompile Include="MSIRGB.Sio.cpp">
      <Filter>Source Files</Filter>
    </ClCompile>
  </ItemGroup>
  <ItemGroup>
    <ClInclude Include="logic\IsaDrv.h">
      <Filter>Header Files\logic</Filter>
    </ClInclude>
    <ClInclude Include="logic\pch.h">
      <Filter>Header Files\logic</Filter>
    </ClInclude>
    <ClInclude Include="logic\Sio.h">
      <Filter>Header Files\logic</Filter>
    </ClInclude>
    <ClInclude Include="logic\wmi_helper.h">
      <Filter>Header Files\logic</Filter>
    </ClInclude>
    <ClInclude Include="MSIRGB.Sio.h">
      <Filter>Header Files</Filter>
    </ClInclude>
    <ClInclude Include="resource.h">
      <Filter>Header Files</Filter>
    </ClInclude>
  </ItemGroup>
  <ItemGroup>
    <ResourceCompile Include="rsrc.rc">
      <Filter>Resource Files</Filter>
    </ResourceCompile>
  </ItemGroup>
  <ItemGroup>
    <None Include="resources\inpoutx64.sys">
      <Filter>Resource Files</Filter>
    </None>
  </ItemGroup>
</Project>